// !$*UTF8*$!
{
	archiveVersion = 1;
	classes = {
	};
	objectVersion = 46;
	objects = {

/* Begin PBXBuildFile section */
		0D72ED8E1E9E5A81005A5DB3 /* AppDelegate.swift in Sources */ = {isa = PBXBuildFile; fileRef = 0D72ED8D1E9E5A81005A5DB3 /* AppDelegate.swift */; };
		0D72ED951E9E5A81005A5DB3 /* Main.storyboard in Resources */ = {isa = PBXBuildFile; fileRef = 0D72ED931E9E5A81005A5DB3 /* Main.storyboard */; };
		0D72ED971E9E5A81005A5DB3 /* Assets.xcassets in Resources */ = {isa = PBXBuildFile; fileRef = 0D72ED961E9E5A81005A5DB3 /* Assets.xcassets */; };
		0D72ED9A1E9E5A81005A5DB3 /* LaunchScreen.storyboard in Resources */ = {isa = PBXBuildFile; fileRef = 0D72ED981E9E5A81005A5DB3 /* LaunchScreen.storyboard */; };
		0D72EDA21E9E6774005A5DB3 /* MeTableViewController.swift in Sources */ = {isa = PBXBuildFile; fileRef = 0D72EDA11E9E6774005A5DB3 /* MeTableViewController.swift */; };
		0D72EDA41E9E6C42005A5DB3 /* NewsViewController.swift in Sources */ = {isa = PBXBuildFile; fileRef = 0D72EDA31E9E6C42005A5DB3 /* NewsViewController.swift */; };
		0D72EDA61E9E6C53005A5DB3 /* VideoViewController.swift in Sources */ = {isa = PBXBuildFile; fileRef = 0D72EDA51E9E6C53005A5DB3 /* VideoViewController.swift */; };
		0D72EDAA1E9E6DC8005A5DB3 /* SettingHeaderView.swift in Sources */ = {isa = PBXBuildFile; fileRef = 0D72EDA91E9E6DC8005A5DB3 /* SettingHeaderView.swift */; };
		0DEC76B31EAE228A00BD5656 /* ImageCollectionViewController.swift in Sources */ = {isa = PBXBuildFile; fileRef = 0DEC76B21EAE228A00BD5656 /* ImageCollectionViewController.swift */; };
		0DEC76B51EAE242100BD5656 /* ImageBrowseCollectionViewCell.swift in Sources */ = {isa = PBXBuildFile; fileRef = 0DEC76B41EAE242100BD5656 /* ImageBrowseCollectionViewCell.swift */; };
		0DEC76B71EAE25B700BD5656 /* ImageBrowseCollectionView.swift in Sources */ = {isa = PBXBuildFile; fileRef = 0DEC76B61EAE25B700BD5656 /* ImageBrowseCollectionView.swift */; };
		0DEC76B91EAE260500BD5656 /* ImageBrowseCollectionViewFlowLayout.swift in Sources */ = {isa = PBXBuildFile; fileRef = 0DEC76B81EAE260500BD5656 /* ImageBrowseCollectionViewFlowLayout.swift */; };
		0DEC76DE1EAF337D00BD5656 /* WeatherViewController.swift in Sources */ = {isa = PBXBuildFile; fileRef = 0DEC76DD1EAF337D00BD5656 /* WeatherViewController.swift */; };
		75244C1A1E9F75B100B0F720 /* Alamofire.framework in Frameworks */ = {isa = PBXBuildFile; fileRef = 75244C191E9F75B100B0F720 /* Alamofire.framework */; };
		E4BD074CDF29B8654C25E20B /* Pods_MyNews.framework in Frameworks */ = {isa = PBXBuildFile; fileRef = F42F20E86813F88419768A6A /* Pods_MyNews.framework */; };
/* End PBXBuildFile section */

/* Begin PBXFileReference section */
		0D72ED8A1E9E5A81005A5DB3 /* MyNews.app */ = {isa = PBXFileReference; explicitFileType = wrapper.application; includeInIndex = 0; path = MyNews.app; sourceTree = BUILT_PRODUCTS_DIR; };
		0D72ED8D1E9E5A81005A5DB3 /* AppDelegate.swift */ = {isa = PBXFileReference; lastKnownFileType = sourcecode.swift; path = AppDelegate.swift; sourceTree = "<group>"; };
		0D72ED941E9E5A81005A5DB3 /* Base */ = {isa = PBXFileReference; lastKnownFileType = file.storyboard; name = Base; path = Base.lproj/Main.storyboard; sourceTree = "<group>"; };
		0D72ED961E9E5A81005A5DB3 /* Assets.xcassets */ = {isa = PBXFileReference; lastKnownFileType = folder.assetcatalog; path = Assets.xcassets; sourceTree = "<group>"; };
		0D72ED991E9E5A81005A5DB3 /* Base */ = {isa = PBXFileReference; lastKnownFileType = file.storyboard; name = Base; path = Base.lproj/LaunchScreen.storyboard; sourceTree = "<group>"; };
		0D72ED9B1E9E5A81005A5DB3 /* Info.plist */ = {isa = PBXFileReference; lastKnownFileType = text.plist.xml; path = Info.plist; sourceTree = "<group>"; };
		0D72EDA11E9E6774005A5DB3 /* MeTableViewController.swift */ = {isa = PBXFileReference; fileEncoding = 4; lastKnownFileType = sourcecode.swift; path = MeTableViewController.swift; sourceTree = "<group>"; };
		0D72EDA31E9E6C42005A5DB3 /* NewsViewController.swift */ = {isa = PBXFileReference; fileEncoding = 4; lastKnownFileType = sourcecode.swift; path = NewsViewController.swift; sourceTree = "<group>"; };
		0D72EDA51E9E6C53005A5DB3 /* VideoViewController.swift */ = {isa = PBXFileReference; fileEncoding = 4; lastKnownFileType = sourcecode.swift; path = VideoViewController.swift; sourceTree = "<group>"; };
		0D72EDA91E9E6DC8005A5DB3 /* SettingHeaderView.swift */ = {isa = PBXFileReference; fileEncoding = 4; lastKnownFileType = sourcecode.swift; path = SettingHeaderView.swift; sourceTree = "<group>"; };
		0DEC76B21EAE228A00BD5656 /* ImageCollectionViewController.swift */ = {isa = PBXFileReference; fileEncoding = 4; lastKnownFileType = sourcecode.swift; path = ImageCollectionViewController.swift; sourceTree = "<group>"; };
		0DEC76B41EAE242100BD5656 /* ImageBrowseCollectionViewCell.swift */ = {isa = PBXFileReference; fileEncoding = 4; lastKnownFileType = sourcecode.swift; path = ImageBrowseCollectionViewCell.swift; sourceTree = "<group>"; };
		0DEC76B61EAE25B700BD5656 /* ImageBrowseCollectionView.swift */ = {isa = PBXFileReference; fileEncoding = 4; lastKnownFileType = sourcecode.swift; path = ImageBrowseCollectionView.swift; sourceTree = "<group>"; };
		0DEC76B81EAE260500BD5656 /* ImageBrowseCollectionViewFlowLayout.swift */ = {isa = PBXFileReference; fileEncoding = 4; lastKnownFileType = sourcecode.swift; path = ImageBrowseCollectionViewFlowLayout.swift; sourceTree = "<group>"; };
		0DEC76DD1EAF337D00BD5656 /* WeatherViewController.swift */ = {isa = PBXFileReference; fileEncoding = 4; lastKnownFileType = sourcecode.swift; path = WeatherViewController.swift; sourceTree = "<group>"; };
		59002DE67365F79CC6D4E24A /* Pods-MyNews.debug.xcconfig */ = {isa = PBXFileReference; includeInIndex = 1; lastKnownFileType = text.xcconfig; name = "Pods-MyNews.debug.xcconfig"; path = "Pods/Target Support Files/Pods-MyNews/Pods-MyNews.debug.xcconfig"; sourceTree = "<group>"; };
		75244C191E9F75B100B0F720 /* Alamofire.framework */ = {isa = PBXFileReference; lastKnownFileType = wrapper.framework; name = Alamofire.framework; path = "../../../../Library/Developer/Xcode/DerivedData/MyNews-guxqejlmfiwylkbxgccovrfrrprq/Build/Products/Debug-iphonesimulator/Alamofire/Alamofire.framework"; sourceTree = "<group>"; };
		790ABB0D08812817E60C7931 /* Pods-MyNews.release.xcconfig */ = {isa = PBXFileReference; includeInIndex = 1; lastKnownFileType = text.xcconfig; name = "Pods-MyNews.release.xcconfig"; path = "Pods/Target Support Files/Pods-MyNews/Pods-MyNews.release.xcconfig"; sourceTree = "<group>"; };
		F42F20E86813F88419768A6A /* Pods_MyNews.framework */ = {isa = PBXFileReference; explicitFileType = wrapper.framework; includeInIndex = 0; path = Pods_MyNews.framework; sourceTree = BUILT_PRODUCTS_DIR; };
/* End PBXFileReference section */

/* Begin PBXFrameworksBuildPhase section */
		0D72ED871E9E5A81005A5DB3 /* Frameworks */ = {
			isa = PBXFrameworksBuildPhase;
			buildActionMask = 2147483647;
			files = (
				75244C1A1E9F75B100B0F720 /* Alamofire.framework in Frameworks */,
				E4BD074CDF29B8654C25E20B /* Pods_MyNews.framework in Frameworks */,
			);
			runOnlyForDeploymentPostprocessing = 0;
		};
/* End PBXFrameworksBuildPhase section */

/* Begin PBXGroup section */
		0D72ED811E9E5A81005A5DB3 = {
			isa = PBXGroup;
			children = (
				0D72ED8C1E9E5A81005A5DB3 /* MyNews */,
				0D72ED8B1E9E5A81005A5DB3 /* Products */,
				77B9202B11735938539D2FFB /* Pods */,
				DD1FA95205753DC17A8FDCD8 /* Frameworks */,
			);
			sourceTree = "<group>";
		};
		0D72ED8B1E9E5A81005A5DB3 /* Products */ = {
			isa = PBXGroup;
			children = (
				0D72ED8A1E9E5A81005A5DB3 /* MyNews.app */,
			);
			name = Products;
			sourceTree = "<group>";
		};
		0D72ED8C1E9E5A81005A5DB3 /* MyNews */ = {
			isa = PBXGroup;
			children = (
				0D72EDAB1E9E6DDE005A5DB3 /* supporting files */,
				0D72ED931E9E5A81005A5DB3 /* Main.storyboard */,
				0D72ED961E9E5A81005A5DB3 /* Assets.xcassets */,
				0D72EDAC1E9E6E0D005A5DB3 /* me */,
				0D72EDAD1E9E6E1B005A5DB3 /* news */,
				0D72EDAE1E9E6E28005A5DB3 /* video */,
				0D72EDAF1E9E6E31005A5DB3 /* image */,
				0DEC76DF1EAF338300BD5656 /* weather */,
			);
			path = MyNews;
			sourceTree = "<group>";
		};
		0D72EDAB1E9E6DDE005A5DB3 /* supporting files */ = {
			isa = PBXGroup;
			children = (
				0D72ED9B1E9E5A81005A5DB3 /* Info.plist */,
				0D72ED981E9E5A81005A5DB3 /* LaunchScreen.storyboard */,
				0D72ED8D1E9E5A81005A5DB3 /* AppDelegate.swift */,
			);
			name = "supporting files";
			sourceTree = "<group>";
		};
		0D72EDAC1E9E6E0D005A5DB3 /* me */ = {
			isa = PBXGroup;
			children = (
				0D72EDA91E9E6DC8005A5DB3 /* SettingHeaderView.swift */,
				0D72EDA11E9E6774005A5DB3 /* MeTableViewController.swift */,
			);
			name = me;
			sourceTree = "<group>";
		};
		0D72EDAD1E9E6E1B005A5DB3 /* news */ = {
			isa = PBXGroup;
			children = (
				0D72EDA31E9E6C42005A5DB3 /* NewsViewController.swift */,
			);
			name = news;
			sourceTree = "<group>";
		};
		0D72EDAE1E9E6E28005A5DB3 /* video */ = {
			isa = PBXGroup;
			children = (
				0D72EDA51E9E6C53005A5DB3 /* VideoViewController.swift */,
			);
			name = video;
			sourceTree = "<group>";
		};
		0D72EDAF1E9E6E31005A5DB3 /* image */ = {
			isa = PBXGroup;
			children = (
				0DEC76B21EAE228A00BD5656 /* ImageCollectionViewController.swift */,
				0DEC76B41EAE242100BD5656 /* ImageBrowseCollectionViewCell.swift */,
				0DEC76B61EAE25B700BD5656 /* ImageBrowseCollectionView.swift */,
				0DEC76B81EAE260500BD5656 /* ImageBrowseCollectionViewFlowLayout.swift */,
			);
			name = image;
			sourceTree = "<group>";
		};
		0DEC76DF1EAF338300BD5656 /* weather */ = {
			isa = PBXGroup;
			children = (
				0DEC76DD1EAF337D00BD5656 /* WeatherViewController.swift */,
			);
			name = weather;
			sourceTree = "<group>";
		};
		77B9202B11735938539D2FFB /* Pods */ = {
			isa = PBXGroup;
			children = (
				59002DE67365F79CC6D4E24A /* Pods-MyNews.debug.xcconfig */,
				790ABB0D08812817E60C7931 /* Pods-MyNews.release.xcconfig */,
			);
			name = Pods;
			sourceTree = "<group>";
		};
		DD1FA95205753DC17A8FDCD8 /* Frameworks */ = {
			isa = PBXGroup;
			children = (
				75244C191E9F75B100B0F720 /* Alamofire.framework */,
				F42F20E86813F88419768A6A /* Pods_MyNews.framework */,
			);
			name = Frameworks;
			sourceTree = "<group>";
		};
/* End PBXGroup section */

/* Begin PBXNativeTarget section */
		0D72ED891E9E5A81005A5DB3 /* MyNews */ = {
			isa = PBXNativeTarget;
			buildConfigurationList = 0D72ED9E1E9E5A81005A5DB3 /* Build configuration list for PBXNativeTarget "MyNews" */;
			buildPhases = (
				213EC908510CC067560C79CE /* [CP] Check Pods Manifest.lock */,
				0D72ED861E9E5A81005A5DB3 /* Sources */,
				0D72ED871E9E5A81005A5DB3 /* Frameworks */,
				0D72ED881E9E5A81005A5DB3 /* Resources */,
				40C6848133385712FAE948F9 /* [CP] Embed Pods Frameworks */,
				F49216097E053159F4BDA4E3 /* [CP] Copy Pods Resources */,
			);
			buildRules = (
			);
			dependencies = (
			);
			name = MyNews;
			productName = MyNews;
			productReference = 0D72ED8A1E9E5A81005A5DB3 /* MyNews.app */;
			productType = "com.apple.product-type.application";
		};
/* End PBXNativeTarget section */

/* Begin PBXProject section */
		0D72ED821E9E5A81005A5DB3 /* Project object */ = {
			isa = PBXProject;
			attributes = {
				LastSwiftUpdateCheck = 0820;
				LastUpgradeCheck = 0820;
				ORGANIZATIONNAME = Sixlivesleft;
				TargetAttributes = {
					0D72ED891E9E5A81005A5DB3 = {
						CreatedOnToolsVersion = 8.2.1;
						DevelopmentTeam = 4MWX6CJSX5;
						ProvisioningStyle = Automatic;
					};
				};
			};
			buildConfigurationList = 0D72ED851E9E5A81005A5DB3 /* Build configuration list for PBXProject "MyNews" */;
			compatibilityVersion = "Xcode 3.2";
			developmentRegion = English;
			hasScannedForEncodings = 0;
			knownRegions = (
				en,
				Base,
			);
			mainGroup = 0D72ED811E9E5A81005A5DB3;
			productRefGroup = 0D72ED8B1E9E5A81005A5DB3 /* Products */;
			projectDirPath = "";
			projectRoot = "";
			targets = (
				0D72ED891E9E5A81005A5DB3 /* MyNews */,
			);
		};
/* End PBXProject section */

/* Begin PBXResourcesBuildPhase section */
		0D72ED881E9E5A81005A5DB3 /* Resources */ = {
			isa = PBXResourcesBuildPhase;
			buildActionMask = 2147483647;
			files = (
				0D72ED9A1E9E5A81005A5DB3 /* LaunchScreen.storyboard in Resources */,
				0D72ED971E9E5A81005A5DB3 /* Assets.xcassets in Resources */,
				0D72ED951E9E5A81005A5DB3 /* Main.storyboard in Resources */,
			);
			runOnlyForDeploymentPostprocessing = 0;
		};
/* End PBXResourcesBuildPhase section */

/* Begin PBXShellScriptBuildPhase section */
		213EC908510CC067560C79CE /* [CP] Check Pods Manifest.lock */ = {
			isa = PBXShellScriptBuildPhase;
			buildActionMask = 2147483647;
			files = (
			);
			inputPaths = (
			);
			name = "[CP] Check Pods Manifest.lock";
			outputPaths = (
			);
			runOnlyForDeploymentPostprocessing = 0;
			shellPath = /bin/sh;
			shellScript = "diff \"${PODS_PODFILE_DIR_PATH}/Podfile.lock\" \"${PODS_ROOT}/Manifest.lock\" > /dev/null\nif [ $? != 0 ] ; then\n    # print error to STDERR\n    echo \"error: The sandbox is not in sync with the Podfile.lock. Run 'pod install' or update your CocoaPods installation.\" >&2\n    exit 1\nfi\n";
			showEnvVarsInLog = 0;
		};
		40C6848133385712FAE948F9 /* [CP] Embed Pods Frameworks */ = {
			isa = PBXShellScriptBuildPhase;
			buildActionMask = 2147483647;
			files = (
			);
			inputPaths = (
			);
			name = "[CP] Embed Pods Frameworks";
			outputPaths = (
			);
			runOnlyForDeploymentPostprocessing = 0;
			shellPath = /bin/sh;
			shellScript = "\"${SRCROOT}/Pods/Target Support Files/Pods-MyNews/Pods-MyNews-frameworks.sh\"\n";
			showEnvVarsInLog = 0;
		};
		F49216097E053159F4BDA4E3 /* [CP] Copy Pods Resources */ = {
			isa = PBXShellScriptBuildPhase;
			buildActionMask = 2147483647;
			files = (
			);
			inputPaths = (
			);
			name = "[CP] Copy Pods Resources";
			outputPaths = (
			);
			runOnlyForDeploymentPostprocessing = 0;
			shellPath = /bin/sh;
			shellScript = "\"${SRCROOT}/Pods/Target Support Files/Pods-MyNews/Pods-MyNews-resources.sh\"\n";
			showEnvVarsInLog = 0;
		};
/* End PBXShellScriptBuildPhase section */

/* Begin PBXSourcesBuildPhase section */
		0D72ED861E9E5A81005A5DB3 /* Sources */ = {
			isa = PBXSourcesBuildPhase;
			buildActionMask = 2147483647;
			files = (
				0DEC76B31EAE228A00BD5656 /* ImageCollectionViewController.swift in Sources */,
				0DEC76DE1EAF337D00BD5656 /* WeatherViewController.swift in Sources */,
				0D72ED8E1E9E5A81005A5DB3 /* AppDelegate.swift in Sources */,
				0DEC76B51EAE242100BD5656 /* ImageBrowseCollectionViewCell.swift in Sources */,
				0D72EDA61E9E6C53005A5DB3 /* VideoViewController.swift in Sources */,
				0D72EDAA1E9E6DC8005A5DB3 /* SettingHeaderView.swift in Sources */,
				0DEC76B91EAE260500BD5656 /* ImageBrowseCollectionViewFlowLayout.swift in Sources */,
				0D72EDA41E9E6C42005A5DB3 /* NewsViewController.swift in Sources */,
				0DEC76B71EAE25B700BD5656 /* ImageBrowseCollectionView.swift in Sources */,
				0D72EDA21E9E6774005A5DB3 /* MeTableViewController.swift in Sources */,
			);
			runOnlyForDeploymentPostprocessing = 0;
		};
/* End PBXSourcesBuildPhase section */

/* Begin PBXVariantGroup section */
		0D72ED931E9E5A81005A5DB3 /* Main.storyboard */ = {
			isa = PBXVariantGroup;
			children = (
				0D72ED941E9E5A81005A5DB3 /* Base */,
			);
			name = Main.storyboard;
			sourceTree = "<group>";
		};
		0D72ED981E9E5A81005A5DB3 /* LaunchScreen.storyboard */ = {
			isa = PBXVariantGroup;
			children = (
				0D72ED991E9E5A81005A5DB3 /* Base */,
			);
			name = LaunchScreen.storyboard;
			sourceTree = "<group>";
		};
/* End PBXVariantGroup section */

/* Begin XCBuildConfiguration section */
		0D72ED9C1E9E5A81005A5DB3 /* Debug */ = {
			isa = XCBuildConfiguration;
			buildSettings = {
				ALWAYS_SEARCH_USER_PATHS = NO;
				CLANG_ANALYZER_NONNULL = YES;
				CLANG_CXX_LANGUAGE_STANDARD = "gnu++0x";
				CLANG_CXX_LIBRARY = "libc++";
				CLANG_ENABLE_MODULES = YES;
				CLANG_ENABLE_OBJC_ARC = YES;
				CLANG_WARN_BOOL_CONVERSION = YES;
				CLANG_WARN_CONSTANT_CONVERSION = YES;
				CLANG_WARN_DIRECT_OBJC_ISA_USAGE = YES_ERROR;
				CLANG_WARN_DOCUMENTATION_COMMENTS = YES;
				CLANG_WARN_EMPTY_BODY = YES;
				CLANG_WARN_ENUM_CONVERSION = YES;
				CLANG_WARN_INFINITE_RECURSION = YES;
				CLANG_WARN_INT_CONVERSION = YES;
				CLANG_WARN_OBJC_ROOT_CLASS = YES_ERROR;
				CLANG_WARN_SUSPICIOUS_MOVE = YES;
				CLANG_WARN_UNREACHABLE_CODE = YES;
				CLANG_WARN__DUPLICATE_METHOD_MATCH = YES;
				"CODE_SIGN_IDENTITY[sdk=iphoneos*]" = "iPhone Developer";
				COPY_PHASE_STRIP = NO;
				DEBUG_INFORMATION_FORMAT = dwarf;
				ENABLE_STRICT_OBJC_MSGSEND = YES;
				ENABLE_TESTABILITY = YES;
				GCC_C_LANGUAGE_STANDARD = gnu99;
				GCC_DYNAMIC_NO_PIC = NO;
				GCC_NO_COMMON_BLOCKS = YES;
				GCC_OPTIMIZATION_LEVEL = 0;
				GCC_PREPROCESSOR_DEFINITIONS = (
					"DEBUG=1",
					"$(inherited)",
				);
				GCC_WARN_64_TO_32_BIT_CONVERSION = YES;
				GCC_WARN_ABOUT_RETURN_TYPE = YES_ERROR;
				GCC_WARN_UNDECLARED_SELECTOR = YES;
				GCC_WARN_UNINITIALIZED_AUTOS = YES_AGGRESSIVE;
				GCC_WARN_UNUSED_FUNCTION = YES;
				GCC_WARN_UNUSED_VARIABLE = YES;
				IPHONEOS_DEPLOYMENT_TARGET = 10.2;
				MTL_ENABLE_DEBUG_INFO = YES;
				ONLY_ACTIVE_ARCH = YES;
				SDKROOT = iphoneos;
				SWIFT_ACTIVE_COMPILATION_CONDITIONS = DEBUG;
				SWIFT_OPTIMIZATION_LEVEL = "-Onone";
				TARGETED_DEVICE_FAMILY = "1,2";
			};
			name = Debug;
		};
		0D72ED9D1E9E5A81005A5DB3 /* Release */ = {
			isa = XCBuildConfiguration;
			buildSettings = {
				ALWAYS_SEARCH_USER_PATHS = NO;
				CLANG_ANALYZER_NONNULL = YES;
				CLANG_CXX_LANGUAGE_STANDARD = "gnu++0x";
				CLANG_CXX_LIBRARY = "libc++";
				CLANG_ENABLE_MODULES = YES;
				CLANG_ENABLE_OBJC_ARC = YES;
				CLANG_WARN_BOOL_CONVERSION = YES;
				CLANG_WARN_CONSTANT_CONVERSION = YES;
				CLANG_WARN_DIRECT_OBJC_ISA_USAGE = YES_ERROR;
				CLANG_WARN_DOCUMENTATION_COMMENTS = YES;
				CLANG_WARN_EMPTY_BODY = YES;
				CLANG_WARN_ENUM_CONVERSION = YES;
				CLANG_WARN_INFINITE_RECURSION = YES;
				CLANG_WARN_INT_CONVERSION = YES;
				CLANG_WARN_OBJC_ROOT_CLASS = YES_ERROR;
				CLANG_WARN_SUSPICIOUS_MOVE = YES;
				CLANG_WARN_UNREACHABLE_CODE = YES;
				CLANG_WARN__DUPLICATE_METHOD_MATCH = YES;
				"CODE_SIGN_IDENTITY[sdk=iphoneos*]" = "iPhone Developer";
				COPY_PHASE_STRIP = NO;
				DEBUG_INFORMATION_FORMAT = "dwarf-with-dsym";
				ENABLE_NS_ASSERTIONS = NO;
				ENABLE_STRICT_OBJC_MSGSEND = YES;
				GCC_C_LANGUAGE_STANDARD = gnu99;
				GCC_NO_COMMON_BLOCKS = YES;
				GCC_WARN_64_TO_32_BIT_CONVERSION = YES;
				GCC_WARN_ABOUT_RETURN_TYPE = YES_ERROR;
				GCC_WARN_UNDECLARED_SELECTOR = YES;
				GCC_WARN_UNINITIALIZED_AUTOS = YES_AGGRESSIVE;
				GCC_WARN_UNUSED_FUNCTION = YES;
				GCC_WARN_UNUSED_VARIABLE = YES;
				IPHONEOS_DEPLOYMENT_TARGET = 10.2;
				MTL_ENABLE_DEBUG_INFO = NO;
				SDKROOT = iphoneos;
				SWIFT_OPTIMIZATION_LEVEL = "-Owholemodule";
				TARGETED_DEVICE_FAMILY = "1,2";
				VALIDATE_PRODUCT = YES;
			};
			name = Release;
		};
		0D72ED9F1E9E5A81005A5DB3 /* Debug */ = {
			isa = XCBuildConfiguration;
			baseConfigurationReference = 59002DE67365F79CC6D4E24A /* Pods-MyNews.debug.xcconfig */;
			buildSettings = {
				ASSETCATALOG_COMPILER_APPICON_NAME = AppIcon;
				DEVELOPMENT_TEAM = 4MWX6CJSX5;
				INFOPLIST_FILE = MyNews/Info.plist;
				LD_RUNPATH_SEARCH_PATHS = "$(inherited) @executable_path/Frameworks";
				PRODUCT_BUNDLE_IDENTIFIER = com.sixlivesleft.MyNews;
				PRODUCT_NAME = "$(TARGET_NAME)";
				SWIFT_VERSION = 3.0;
			};
			name = Debug;
		};
		0D72EDA01E9E5A81005A5DB3 /* Release */ = {
			isa = XCBuildConfiguration;
			baseConfigurationReference = 790ABB0D08812817E60C7931 /* Pods-MyNews.release.xcconfig */;
			buildSettings = {
				ASSETCATALOG_COMPILER_APPICON_NAME = AppIcon;
				DEVELOPMENT_TEAM = 4MWX6CJSX5;
				INFOPLIST_FILE = MyNews/Info.plist;
				LD_RUNPATH_SEARCH_PATHS = "$(inherited) @executable_path/Frameworks";
				PRODUCT_BUNDLE_IDENTIFIER = com.sixlivesleft.MyNews;
				PRODUCT_NAME = "$(TARGET_NAME)";
				SWIFT_VERSION = 3.0;
			};
			name = Release;
		};
/* End XCBuildConfiguration section */

/* Begin XCConfigurationList section */
		0D72ED851E9E5A81005A5DB3 /* Build configuration list for PBXProject "MyNews" */ = {
			isa = XCConfigurationList;
			buildConfigurations = (
				0D72ED9C1E9E5A81005A5DB3 /* Debug */,
				0D72ED9D1E9E5A81005A5DB3 /* Release */,
			);
			defaultConfigurationIsVisible = 0;
			defaultConfigurationName = Release;
		};
		0D72ED9E1E9E5A81005A5DB3 /* Build configuration list for PBXNativeTarget "MyNews" */ = {
			isa = XCConfigurationList;
			buildConfigurations = (
				0D72ED9F1E9E5A81005A5DB3 /* Debug */,
				0D72EDA01E9E5A81005A5DB3 /* Release */,
			);
			defaultConfigurationIsVisible = 0;
			defaultConfigurationName = Release;
		};
/* End XCConfigurationList section */
	};
	rootObject = 0D72ED821E9E5A81005A5DB3 /* Project object */;
}
